
Microsoft Visual Studio Solution File, Format Version 12.00
# Visual Studio 15
VisualStudioVersion = 15.0.27004.2009
MinimumVisualStudioVersion = 10.0.40219.1
Project("{FAE04EC0-301F-11D3-BF4B-00C04F79EFBC}") = "Temperature Monitor", "Temperature Monitor.csproj", "{FEFA22F1-ADFD-4665-8EC8-F1F3375EA44B}"
EndProject
Global
	GlobalSection(SolutionConfigurationPlatforms) = preSolution
		Debug|Any CPU = Debug|Any CPU
		Release|Any CPU = Release|Any CPU
	EndGlobalSection
	GlobalSection(ProjectConfigurationPlatforms) = postSolution
		{FEFA22F1-ADFD-4665-8EC8-F1F3375EA44B}.Debug|Any CPU.ActiveCfg = Debug|Any CPU
		{FEFA22F1-ADFD-4665-8EC8-F1F3375EA44B}.Debug|Any CPU.Build.0 = Debug|Any CPU
		{FEFA22F1-ADFD-4665-8EC8-F1F3375EA44B}.Release|Any CPU.ActiveCfg = Release|Any CPU
		{FEFA22F1-ADFD-4665-8EC8-F1F3375EA44B}.Release|Any CPU.Build.0 = Release|Any CPU
	EndGlobalSection
	GlobalSection(SolutionProperties) = preSolution
		HideSolutionNode = FALSE
	EndGlobalSection
	GlobalSection(ExtensibilityGlobals) = postSolution
		SolutionGuid = {7E414FA9-32E0-480A-95BA-9D83A3A8559A}
	EndGlobalSection
EndGlobal
